PODS:
  - Masonry (1.1.0)
  - MBProgressHUD (1.1.0)
  - SloppySwiper (0.6)

DEPENDENCIES:
  - Masonry
  - MBProgressHUD
  - SloppySwiper

SPEC REPOS:
  https://github.com/CocoaPods/Specs.git:
    - Masonry
    - MBProgressHUD
    - SloppySwiper

SPEC CHECKSUMS:
  Masonry: 678fab65091a9290e40e2832a55e7ab731aad201
  MBProgressHUD: e7baa36a220447d8aeb12769bf0585582f3866d9
  SloppySwiper: 37e38f6da8df5c805914c6f32ec6ec8da63abe7c

PODFILE CHECKSUM: 244e697f1438774cd2383146c1d09e3b3737e09c

COCOAPODS: 1.5.0
